
Microsoft Visual Studio Solution File, Format Version 12.00
# Visual Studio Version 17
VisualStudioVersion = 17.4.33403.182
MinimumVisualStudioVersion = 10.0.40219.1
Project("{FAE04EC0-301F-11D3-BF4B-00C04F79EFBC}") = "FPS", "FPS\FPS.csproj", "{6451A1CE-9794-4A16-8657-79FF51379445}"
EndProject
Global
	GlobalSection(SolutionConfigurationPlatforms) = preSolution
		Debug|Any CPU = Debug|Any CPU
		Release|Any CPU = Release|Any CPU
	EndGlobalSection
	GlobalSection(ProjectConfigurationPlatforms) = postSolution
		{6451A1CE-9794-4A16-8657-79FF51379445}.Debug|Any CPU.ActiveCfg = Debug|Any CPU
		{6451A1CE-9794-4A16-8657-79FF51379445}.Debug|Any CPU.Build.0 = Debug|Any CPU
		{6451A1CE-9794-4A16-8657-79FF51379445}.Release|Any CPU.ActiveCfg = Release|Any CPU
		{6451A1CE-9794-4A16-8657-79FF51379445}.Release|Any CPU.Build.0 = Release|Any CPU
	EndGlobalSection
	GlobalSection(SolutionProperties) = preSolution
		HideSolutionNode = FALSE
	EndGlobalSection
	GlobalSection(ExtensibilityGlobals) = postSolution
		SolutionGuid = {162ED8BB-A62F-42C3-BB2B-232B8837E37F}
	EndGlobalSection
EndGlobal
